Microsoft Visual Studio Solution File, Format Version 9.00
# Visual Studio 2005
Project("{FAE04EC0-301F-11D3-BF4B-00C04F79EFBC}") = "Series_PolarPointChart", "Series_PolarPointChart\Series_PolarPointChart.csproj", "{58CAB34C-D2B8-4FB2-9FBD-0F119CCCC2CB}"
EndProject
Global
	GlobalSection(SolutionConfigurationPlatforms) = preSolution
		Debug|Any CPU = Debug|Any CPU
		Release|Any CPU = Release|Any CPU
	EndGlobalSection
	GlobalSection(ProjectConfigurationPlatforms) = postSolution
		{58CAB34C-D2B8-4FB2-9FBD-0F119CCCC2CB}.Debug|Any CPU.ActiveCfg = Debug|Any CPU
		{58CAB34C-D2B8-4FB2-9FBD-0F119CCCC2CB}.Debug|Any CPU.Build.0 = Debug|Any CPU
		{58CAB34C-D2B8-4FB2-9FBD-0F119CCCC2CB}.Release|Any CPU.ActiveCfg = Release|Any CPU
		{58CAB34C-D2B8-4FB2-9FBD-0F119CCCC2CB}.Release|Any CPU.Build.0 = Release|Any CPU
	EndGlobalSection
	GlobalSection(SolutionProperties) = preSolution
		HideSolutionNode = FALSE
	EndGlobalSection
EndGlobal
